
Microsoft Visual Studio Solution File, Format Version 12.00
# Visual Studio Version 16
VisualStudioVersion = 16.0.29306.81
MinimumVisualStudioVersion = 10.0.40219.1
Project("{FAE04EC0-301F-11D3-BF4B-00C04F79EFBC}") = "CommandProject", "CommandProject\CommandProject.csproj", "{4832C75B-B57C-4B09-9E40-1445F01BCCFA}"
EndProject
Project("{FAE04EC0-301F-11D3-BF4B-00C04F79EFBC}") = "Server", "Server\Server.csproj", "{466EC3E9-C290-4E5A-B192-ED1DDAF65AA9}"
EndProject
Project("{FAE04EC0-301F-11D3-BF4B-00C04F79EFBC}") = "TestProj", "TestProj\TestProj.csproj", "{4FD42F87-4F8E-416B-913C-06A26B370C72}"
EndProject
Global
	GlobalSection(SolutionConfigurationPlatforms) = preSolution
		Debug|Any CPU = Debug|Any CPU
		Release|Any CPU = Release|Any CPU
	EndGlobalSection
	GlobalSection(ProjectConfigurationPlatforms) = postSolution
		{4832C75B-B57C-4B09-9E40-1445F01BCCFA}.Debug|Any CPU.ActiveCfg = Debug|Any CPU
		{4832C75B-B57C-4B09-9E40-1445F01BCCFA}.Debug|Any CPU.Build.0 = Debug|Any CPU
		{4832C75B-B57C-4B09-9E40-1445F01BCCFA}.Release|Any CPU.ActiveCfg = Release|Any CPU
		{4832C75B-B57C-4B09-9E40-1445F01BCCFA}.Release|Any CPU.Build.0 = Release|Any CPU
		{466EC3E9-C290-4E5A-B192-ED1DDAF65AA9}.Debug|Any CPU.ActiveCfg = Debug|Any CPU
		{466EC3E9-C290-4E5A-B192-ED1DDAF65AA9}.Debug|Any CPU.Build.0 = Debug|Any CPU
		{466EC3E9-C290-4E5A-B192-ED1DDAF65AA9}.Release|Any CPU.ActiveCfg = Release|Any CPU
		{466EC3E9-C290-4E5A-B192-ED1DDAF65AA9}.Release|Any CPU.Build.0 = Release|Any CPU
		{4FD42F87-4F8E-416B-913C-06A26B370C72}.Debug|Any CPU.ActiveCfg = Debug|Any CPU
		{4FD42F87-4F8E-416B-913C-06A26B370C72}.Debug|Any CPU.Build.0 = Debug|Any CPU
		{4FD42F87-4F8E-416B-913C-06A26B370C72}.Release|Any CPU.ActiveCfg = Release|Any CPU
		{4FD42F87-4F8E-416B-913C-06A26B370C72}.Release|Any CPU.Build.0 = Release|Any CPU
	EndGlobalSection
	GlobalSection(SolutionProperties) = preSolution
		HideSolutionNode = FALSE
	EndGlobalSection
	GlobalSection(ExtensibilityGlobals) = postSolution
		SolutionGuid = {67FD673F-7CCF-4CBF-8DE8-BA5669D825D5}
	EndGlobalSection
EndGlobal
